// !$*UTF8*$!
{
	archiveVersion = 1;
	classes = {
	};
	objectVersion = 50;
	objects = {

/* Begin PBXBuildFile section */
		72A70D1B261FFFD800F6E92B /* Tests_iOS.swift in Sources */ = {isa = PBXBuildFile; fileRef = 72A70D1A261FFFD800F6E92B /* Tests_iOS.swift */; };
		72A70D26261FFFD800F6E92B /* Tests_macOS.swift in Sources */ = {isa = PBXBuildFile; fileRef = 72A70D25261FFFD800F6E92B /* Tests_macOS.swift */; };
		72A70D28261FFFD800F6E92B /* WeSplitApp.swift in Sources */ = {isa = PBXBuildFile; fileRef = 72A70CFF261FFFD700F6E92B /* WeSplitApp.swift */; };
		72A70D29261FFFD800F6E92B /* WeSplitApp.swift in Sources */ = {isa = PBXBuildFile; fileRef = 72A70CFF261FFFD700F6E92B /* WeSplitApp.swift */; };
		72A70D2A261FFFD800F6E92B /* ContentView.swift in Sources */ = {isa = PBXBuildFile; fileRef = 72A70D00261FFFD700F6E92B /* ContentView.swift */; };
		72A70D2B261FFFD800F6E92B /* ContentView.swift in Sources */ = {isa = PBXBuildFile; fileRef = 72A70D00261FFFD700F6E92B /* ContentView.swift */; };
		72A70D2C261FFFD800F6E92B /* Assets.xcassets in Resources */ = {isa = PBXBuildFile; fileRef = 72A70D01261FFFD800F6E92B /* Assets.xcassets */; };
		72A70D2D261FFFD800F6E92B /* Assets.xcassets in Resources */ = {isa = PBXBuildFile; fileRef = 72A70D01261FFFD800F6E92B /* Assets.xcassets */; };
/* End PBXBuildFile section */

/* Begin PBXContainerItemProxy section */
		72A70D17261FFFD800F6E92B /* PBXContainerItemProxy */ = {
			isa = PBXContainerItemProxy;
			containerPortal = 72A70CFA261FFFD700F6E92B /* Project object */;
			proxyType = 1;
			remoteGlobalIDString = 72A70D05261FFFD800F6E92B;
			remoteInfo = "WeSplit (iOS)";
		};
		72A70D22261FFFD800F6E92B /* PBXContainerItemProxy */ = {
			isa = PBXContainerItemProxy;
			containerPortal = 72A70CFA261FFFD700F6E92B /* Project object */;
			proxyType = 1;
			remoteGlobalIDString = 72A70D0D261FFFD800F6E92B;
			remoteInfo = "WeSplit (macOS)";
		};
/* End PBXContainerItemProxy section */

/* Begin PBXFileReference section */
		72A70CFF261FFFD700F6E92B /* WeSplitApp.swift */ = {isa = PBXFileReference; lastKnownFileType = sourcecode.swift; path = WeSplitApp.swift; sourceTree = "<group>"; };
		72A70D00261FFFD700F6E92B /* ContentView.swift */ = {isa = PBXFileReference; lastKnownFileType = sourcecode.swift; path = ContentView.swift; sourceTree = "<group>"; };
		72A70D01261FFFD800F6E92B /* Assets.xcassets */ = {isa = PBXFileReference; lastKnownFileType = folder.assetcatalog; path = Assets.xcassets; sourceTree = "<group>"; };
		72A70D06261FFFD800F6E92B /* WeSplit.app */ = {isa = PBXFileReference; explicitFileType = wrapper.application; includeInIndex = 0; path = WeSplit.app; sourceTree = BUILT_PRODUCTS_DIR; };
		72A70D09261FFFD800F6E92B /* Info.plist */ = {isa = PBXFileReference; lastKnownFileType = text.plist.xml; path = Info.plist; sourceTree = "<group>"; };
		72A70D0E261FFFD800F6E92B /* WeSplit.app */ = {isa = PBXFileReference; explicitFileType = wrapper.application; includeInIndex = 0; path = WeSplit.app; sourceTree = BUILT_PRODUCTS_DIR; };
		72A70D10261FFFD800F6E92B /* Info.plist */ = {isa = PBXFileReference; lastKnownFileType = text.plist.xml; path = Info.plist; sourceTree = "<group>"; };
		72A70D11261FFFD800F6E92B /* macOS.entitlements */ = {isa = PBXFileReference; lastKnownFileType = text.plist.entitlements; path = macOS.entitlements; sourceTree = "<group>"; };
		72A70D16261FFFD800F6E92B /* Tests iOS.xctest */ = {isa = PBXFileReference; explicitFileType = wrapper.cfbundle; includeInIndex = 0; path = "Tests iOS.xctest"; sourceTree = BUILT_PRODUCTS_DIR; };
		72A70D1A261FFFD800F6E92B /* Tests_iOS.swift */ = {isa = PBXFileReference; lastKnownFileType = sourcecode.swift; path = Tests_iOS.swift; sourceTree = "<group>"; };
		72A70D1C261FFFD800F6E92B /* Info.plist */ = {isa = PBXFileReference; lastKnownFileType = text.plist.xml; path = Info.plist; sourceTree = "<group>"; };
		72A70D21261FFFD800F6E92B /* Tests macOS.xctest */ = {isa = PBXFileReference; explicitFileType = wrapper.cfbundle; includeInIndex = 0; path = "Tests macOS.xctest"; sourceTree = BUILT_PRODUCTS_DIR; };
		72A70D25261FFFD800F6E92B /* Tests_macOS.swift */ = {isa = PBXFileReference; lastKnownFileType = sourcecode.swift; path = Tests_macOS.swift; sourceTree = "<group>"; };
		72A70D27261FFFD800F6E92B /* Info.plist */ = {isa = PBXFileReference; lastKnownFileType = text.plist.xml; path = Info.plist; sourceTree = "<group>"; };
/* End PBXFileReference section */

/* Begin PBXFrameworksBuildPhase section */
		72A70D03261FFFD800F6E92B /* Frameworks */ = {
			isa = PBXFrameworksBuildPhase;
			buildActionMask = 2147483647;
			files = (
			);
			runOnlyForDeploymentPostprocessing = 0;
		};
		72A70D0B261FFFD800F6E92B /* Frameworks */ = {
			isa = PBXFrameworksBuildPhase;
			buildActionMask = 2147483647;
			files = (
			);
			runOnlyForDeploymentPostprocessing = 0;
		};
		72A70D13261FFFD800F6E92B /* Frameworks */ = {
			isa = PBXFrameworksBuildPhase;
			buildActionMask = 2147483647;
			files = (
			);
			runOnlyForDeploymentPostprocessing = 0;
		};
		72A70D1E261FFFD800F6E92B /* Frameworks */ = {
			isa = PBXFrameworksBuildPhase;
			buildActionMask = 2147483647;
			files = (
			);
			runOnlyForDeploymentPostprocessing = 0;
		};
/* End PBXFrameworksBuildPhase section */

/* Begin PBXGroup section */
		72A70CF9261FFFD700F6E92B = {
			isa = PBXGroup;
			children = (
				72A70CFE261FFFD700F6E92B /* Shared */,
				72A70D08261FFFD800F6E92B /* iOS */,
				72A70D0F261FFFD800F6E92B /* macOS */,
				72A70D19261FFFD800F6E92B /* Tests iOS */,
				72A70D24261FFFD800F6E92B /* Tests macOS */,
				72A70D07261FFFD800F6E92B /* Products */,
			);
			sourceTree = "<group>";
		};
		72A70CFE261FFFD700F6E92B /* Shared */ = {
			isa = PBXGroup;
			children = (
				72A70CFF261FFFD700F6E92B /* WeSplitApp.swift */,
				72A70D00261FFFD700F6E92B /* ContentView.swift */,
				72A70D01261FFFD800F6E92B /* Assets.xcassets */,
			);
			path = Shared;
			sourceTree = "<group>";
		};
		72A70D07261FFFD800F6E92B /* Products */ = {
			isa = PBXGroup;
			children = (
				72A70D06261FFFD800F6E92B /* WeSplit.app */,
				72A70D0E261FFFD800F6E92B /* WeSplit.app */,
				72A70D16261FFFD800F6E92B /* Tests iOS.xctest */,
				72A70D21261FFFD800F6E92B /* Tests macOS.xctest */,
			);
			name = Products;
			sourceTree = "<group>";
		};
		72A70D08261FFFD800F6E92B /* iOS */ = {
			isa = PBXGroup;
			children = (
				72A70D09261FFFD800F6E92B /* Info.plist */,
			);
			path = iOS;
			sourceTree = "<group>";
		};
		72A70D0F261FFFD800F6E92B /* macOS */ = {
			isa = PBXGroup;
			children = (
				72A70D10261FFFD800F6E92B /* Info.plist */,
				72A70D11261FFFD800F6E92B /* macOS.entitlements */,
			);
			path = macOS;
			sourceTree = "<group>";
		};
		72A70D19261FFFD800F6E92B /* Tests iOS */ = {
			isa = PBXGroup;
			children = (
				72A70D1A261FFFD800F6E92B /* Tests_iOS.swift */,
				72A70D1C261FFFD800F6E92B /* Info.plist */,
			);
			path = "Tests iOS";
			sourceTree = "<group>";
		};
		72A70D24261FFFD800F6E92B /* Tests macOS */ = {
			isa = PBXGroup;
			children = (
				72A70D25261FFFD800F6E92B /* Tests_macOS.swift */,
				72A70D27261FFFD800F6E92B /* Info.plist */,
			);
			path = "Tests macOS";
			sourceTree = "<group>";
		};
/* End PBXGroup section */

/* Begin PBXNativeTarget section */
		72A70D05261FFFD800F6E92B /* WeSplit (iOS) */ = {
			isa = PBXNativeTarget;
			buildConfigurationList = 72A70D30261FFFD800F6E92B /* Build configuration list for PBXNativeTarget "WeSplit (iOS)" */;
			buildPhases = (
				72A70D02261FFFD800F6E92B /* Sources */,
				72A70D03261FFFD800F6E92B /* Frameworks */,
				72A70D04261FFFD800F6E92B /* Resources */,
			);
			buildRules = (
			);
			dependencies = (
			);
			name = "WeSplit (iOS)";
			productName = "WeSplit (iOS)";
			productReference = 72A70D06261FFFD800F6E92B /* WeSplit.app */;
			productType = "com.apple.product-type.application";
		};
		72A70D0D261FFFD800F6E92B /* WeSplit (macOS) */ = {
			isa = PBXNativeTarget;
			buildConfigurationList = 72A70D33261FFFD800F6E92B /* Build configuration list for PBXNativeTarget "WeSplit (macOS)" */;
			buildPhases = (
				72A70D0A261FFFD800F6E92B /* Sources */,
				72A70D0B261FFFD800F6E92B /* Frameworks */,
				72A70D0C261FFFD800F6E92B /* Resources */,
			);
			buildRules = (
			);
			dependencies = (
			);
			name = "WeSplit (macOS)";
			productName = "WeSplit (macOS)";
			productReference = 72A70D0E261FFFD800F6E92B /* WeSplit.app */;
			productType = "com.apple.product-type.application";
		};
		72A70D15261FFFD800F6E92B /* Tests iOS */ = {
			isa = PBXNativeTarget;
			buildConfigurationList = 72A70D36261FFFD800F6E92B /* Build configuration list for PBXNativeTarget "Tests iOS" */;
			buildPhases = (
				72A70D12261FFFD800F6E92B /* Sources */,
				72A70D13261FFFD800F6E92B /* Frameworks */,
				72A70D14261FFFD800F6E92B /* Resources */,
			);
			buildRules = (
			);
			dependencies = (
				72A70D18261FFFD800F6E92B /* PBXTargetDependency */,
			);
			name = "Tests iOS";
			productName = "Tests iOS";
			productReference = 72A70D16261FFFD800F6E92B /* Tests iOS.xctest */;
			productType = "com.apple.product-type.bundle.ui-testing";
		};
		72A70D20261FFFD800F6E92B /* Tests macOS */ = {
			isa = PBXNativeTarget;
			buildConfigurationList = 72A70D39261FFFD800F6E92B /* Build configuration list for PBXNativeTarget "Tests macOS" */;
			buildPhases = (
				72A70D1D261FFFD800F6E92B /* Sources */,
				72A70D1E261FFFD800F6E92B /* Frameworks */,
				72A70D1F261FFFD800F6E92B /* Resources */,
			);
			buildRules = (
			);
			dependencies = (
				72A70D23261FFFD800F6E92B /* PBXTargetDependency */,
			);
			name = "Tests macOS";
			productName = "Tests macOS";
			productReference = 72A70D21261FFFD800F6E92B /* Tests macOS.xctest */;
			productType = "com.apple.product-type.bundle.ui-testing";
		};
/* End PBXNativeTarget section */

/* Begin PBXProject section */
		72A70CFA261FFFD700F6E92B /* Project object */ = {
			isa = PBXProject;
			attributes = {
				LastSwiftUpdateCheck = 1240;
				LastUpgradeCheck = 1240;
				TargetAttributes = {
					72A70D05261FFFD800F6E92B = {
						CreatedOnToolsVersion = 12.4;
					};
					72A70D0D261FFFD800F6E92B = {
						CreatedOnToolsVersion = 12.4;
					};
					72A70D15261FFFD800F6E92B = {
						CreatedOnToolsVersion = 12.4;
						TestTargetID = 72A70D05261FFFD800F6E92B;
					};
					72A70D20261FFFD800F6E92B = {
						CreatedOnToolsVersion = 12.4;
						TestTargetID = 72A70D0D261FFFD800F6E92B;
					};
				};
			};
			buildConfigurationList = 72A70CFD261FFFD700F6E92B /* Build configuration list for PBXProject "WeSplit" */;
			compatibilityVersion = "Xcode 9.3";
			developmentRegion = en;
			hasScannedForEncodings = 0;
			knownRegions = (
				en,
				Base,
			);
			mainGroup = 72A70CF9261FFFD700F6E92B;
			productRefGroup = 72A70D07261FFFD800F6E92B /* Products */;
			projectDirPath = "";
			projectRoot = "";
			targets = (
				72A70D05261FFFD800F6E92B /* WeSplit (iOS) */,
				72A70D0D261FFFD800F6E92B /* WeSplit (macOS) */,
				72A70D15261FFFD800F6E92B /* Tests iOS */,
				72A70D20261FFFD800F6E92B /* Tests macOS */,
			);
		};
/* End PBXProject section */

/* Begin PBXResourcesBuildPhase section */
		72A70D04261FFFD800F6E92B /* Resources */ = {
			isa = PBXResourcesBuildPhase;
			buildActionMask = 2147483647;
			files = (
				72A70D2C261FFFD800F6E92B /* Assets.xcassets in Resources */,
			);
			runOnlyForDeploymentPostprocessing = 0;
		};
		72A70D0C261FFFD800F6E92B /* Resources */ = {
			isa = PBXResourcesBuildPhase;
			buildActionMask = 2147483647;
			files = (
				72A70D2D261FFFD800F6E92B /* Assets.xcassets in Resources */,
			);
			runOnlyForDeploymentPostprocessing = 0;
		};
		72A70D14261FFFD800F6E92B /* Resources */ = {
			isa = PBXResourcesBuildPhase;
			buildActionMask = 2147483647;
			files = (
			);
			runOnlyForDeploymentPostprocessing = 0;
		};
		72A70D1F261FFFD800F6E92B /* Resources */ = {
			isa = PBXResourcesBuildPhase;
			buildActionMask = 2147483647;
			files = (
			);
			runOnlyForDeploymentPostprocessing = 0;
		};
/* End PBXResourcesBuildPhase section */

/* Begin PBXSourcesBuildPhase section */
		72A70D02261FFFD800F6E92B /* Sources */ = {
			isa = PBXSourcesBuildPhase;
			buildActionMask = 2147483647;
			files = (
				72A70D2A261FFFD800F6E92B /* ContentView.swift in Sources */,
				72A70D28261FFFD800F6E92B /* WeSplitApp.swift in Sources */,
			);
			runOnlyForDeploymentPostprocessing = 0;
		};
		72A70D0A261FFFD800F6E92B /* Sources */ = {
			isa = PBXSourcesBuildPhase;
			buildActionMask = 2147483647;
			files = (
				72A70D2B261FFFD800F6E92B /* ContentView.swift in Sources */,
				72A70D29261FFFD800F6E92B /* WeSplitApp.swift in Sources */,
			);
			runOnlyForDeploymentPostprocessing = 0;
		};
		72A70D12261FFFD800F6E92B /* Sources */ = {
			isa = PBXSourcesBuildPhase;
			buildActionMask = 2147483647;
			files = (
				72A70D1B261FFFD800F6E92B /* Tests_iOS.swift in Sources */,
			);
			runOnlyForDeploymentPostprocessing = 0;
		};
		72A70D1D261FFFD800F6E92B /* Sources */ = {
			isa = PBXSourcesBuildPhase;
			buildActionMask = 2147483647;
			files = (
				72A70D26261FFFD800F6E92B /* Tests_macOS.swift in Sources */,
			);
			runOnlyForDeploymentPostprocessing = 0;
		};
/* End PBXSourcesBuildPhase section */

/* Begin PBXTargetDependency section */
		72A70D18261FFFD800F6E92B /* PBXTargetDependency */ = {
			isa = PBXTargetDependency;
			target = 72A70D05261FFFD800F6E92B /* WeSplit (iOS) */;
			targetProxy = 72A70D17261FFFD800F6E92B /* PBXContainerItemProxy */;
		};
		72A70D23261FFFD800F6E92B /* PBXTargetDependency */ = {
			isa = PBXTargetDependency;
			target = 72A70D0D261FFFD800F6E92B /* WeSplit (macOS) */;
			targetProxy = 72A70D22261FFFD800F6E92B /* PBXContainerItemProxy */;
		};
/* End PBXTargetDependency section */

/* Begin XCBuildConfiguration section */
		72A70D2E261FFFD800F6E92B /* Debug */ = {
			isa = XCBuildConfiguration;
			buildSettings = {
				ALWAYS_SEARCH_USER_PATHS = NO;
				CLANG_ANALYZER_NONNULL = YES;
				CLANG_ANALYZER_NUMBER_OBJECT_CONVERSION = YES_AGGRESSIVE;
				CLANG_CXX_LANGUAGE_STANDARD = "gnu++14";
				CLANG_CXX_LIBRARY = "libc++";
				CLANG_ENABLE_MODULES = YES;
				CLANG_ENABLE_OBJC_ARC = YES;
				CLANG_ENABLE_OBJC_WEAK = YES;
				CLANG_WARN_BLOCK_CAPTURE_AUTORELEASING = YES;
				CLANG_WARN_BOOL_CONVERSION = YES;
				CLANG_WARN_COMMA = YES;
				CLANG_WARN_CONSTANT_CONVERSION = YES;
				CLANG_WARN_DEPRECATED_OBJC_IMPLEMENTATIONS = YES;
				CLANG_WARN_DIRECT_OBJC_ISA_USAGE = YES_ERROR;
				CLANG_WARN_DOCUMENTATION_COMMENTS = YES;
				CLANG_WARN_EMPTY_BODY = YES;
				CLANG_WARN_ENUM_CONVERSION = YES;
				CLANG_WARN_INFINITE_RECURSION = YES;
				CLANG_WARN_INT_CONVERSION = YES;
				CLANG_WARN_NON_LITERAL_NULL_CONVERSION = YES;
				CLANG_WARN_OBJC_IMPLICIT_RETAIN_SELF = YES;
				CLANG_WARN_OBJC_LITERAL_CONVERSION = YES;
				CLANG_WARN_OBJC_ROOT_CLASS = YES_ERROR;
				CLANG_WARN_QUOTED_INCLUDE_IN_FRAMEWORK_HEADER = YES;
				CLANG_WARN_RANGE_LOOP_ANALYSIS = YES;
				CLANG_WARN_STRICT_PROTOTYPES = YES;
				CLANG_WARN_SUSPICIOUS_MOVE = YES;
				CLANG_WARN_UNGUARDED_AVAILABILITY = YES_AGGRESSIVE;
				CLANG_WARN_UNREACHABLE_CODE = YES;
				CLANG_WARN__DUPLICATE_METHOD_MATCH = YES;
				COPY_PHASE_STRIP = NO;
				DEBUG_INFORMATION_FORMAT = dwarf;
				ENABLE_STRICT_OBJC_MSGSEND = YES;
				ENABLE_TESTABILITY = YES;
				GCC_C_LANGUAGE_STANDARD = gnu11;
				GCC_DYNAMIC_NO_PIC = NO;
				GCC_NO_COMMON_BLOCKS = YES;
				GCC_OPTIMIZATION_LEVEL = 0;
				GCC_PREPROCESSOR_DEFINITIONS = (
					"DEBUG=1",
					"$(inherited)",
				);
				GCC_WARN_64_TO_32_BIT_CONVERSION = YES;
				GCC_WARN_ABOUT_RETURN_TYPE = YES_ERROR;
				GCC_WARN_UNDECLARED_SELECTOR = YES;
				GCC_WARN_UNINITIALIZED_AUTOS = YES_AGGRESSIVE;
				GCC_WARN_UNUSED_FUNCTION = YES;
				GCC_WARN_UNUSED_VARIABLE = YES;
				MTL_ENABLE_DEBUG_INFO = INCLUDE_SOURCE;
				MTL_FAST_MATH = YES;
				ONLY_ACTIVE_ARCH = YES;
				SWIFT_ACTIVE_COMPILATION_CONDITIONS = DEBUG;
				SWIFT_OPTIMIZATION_LEVEL = "-Onone";
			};
			name = Debug;
		};
		72A70D2F261FFFD800F6E92B /* Release */ = {
			isa = XCBuildConfiguration;
			buildSettings = {
				ALWAYS_SEARCH_USER_PATHS = NO;
				CLANG_ANALYZER_NONNULL = YES;
				CLANG_ANALYZER_NUMBER_OBJECT_CONVERSION = YES_AGGRESSIVE;
				CLANG_CXX_LANGUAGE_STANDARD = "gnu++14";
				CLANG_CXX_LIBRARY = "libc++";
				CLANG_ENABLE_MODULES = YES;
				CLANG_ENABLE_OBJC_ARC = YES;
				CLANG_ENABLE_OBJC_WEAK = YES;
				CLANG_WARN_BLOCK_CAPTURE_AUTORELEASING = YES;
				CLANG_WARN_BOOL_CONVERSION = YES;
				CLANG_WARN_COMMA = YES;
				CLANG_WARN_CONSTANT_CONVERSION = YES;
				CLANG_WARN_DEPRECATED_OBJC_IMPLEMENTATIONS = YES;
				CLANG_WARN_DIRECT_OBJC_ISA_USAGE = YES_ERROR;
				CLANG_WARN_DOCUMENTATION_COMMENTS = YES;
				CLANG_WARN_EMPTY_BODY = YES;
				CLANG_WARN_ENUM_CONVERSION = YES;
				CLANG_WARN_INFINITE_RECURSION = YES;
				CLANG_WARN_INT_CONVERSION = YES;
				CLANG_WARN_NON_LITERAL_NULL_CONVERSION = YES;
				CLANG_WARN_OBJC_IMPLICIT_RETAIN_SELF = YES;
				CLANG_WARN_OBJC_LITERAL_CONVERSION = YES;
				CLANG_WARN_OBJC_ROOT_CLASS = YES_ERROR;
				CLANG_WARN_QUOTED_INCLUDE_IN_FRAMEWORK_HEADER = YES;
				CLANG_WARN_RANGE_LOOP_ANALYSIS = YES;
				CLANG_WARN_STRICT_PROTOTYPES = YES;
				CLANG_WARN_SUSPICIOUS_MOVE = YES;
				CLANG_WARN_UNGUARDED_AVAILABILITY = YES_AGGRESSIVE;
				CLANG_WARN_UNREACHABLE_CODE = YES;
				CLANG_WARN__DUPLICATE_METHOD_MATCH = YES;
				COPY_PHASE_STRIP = NO;
				DEBUG_INFORMATION_FORMAT = "dwarf-with-dsym";
				ENABLE_NS_ASSERTIONS = NO;
				ENABLE_STRICT_OBJC_MSGSEND = YES;
				GCC_C_LANGUAGE_STANDARD = gnu11;
				GCC_NO_COMMON_BLOCKS = YES;
				GCC_WARN_64_TO_32_BIT_CONVERSION = YES;
				GCC_WARN_ABOUT_RETURN_TYPE = YES_ERROR;
				GCC_WARN_UNDECLARED_SELECTOR = YES;
				GCC_WARN_UNINITIALIZED_AUTOS = YES_AGGRESSIVE;
				GCC_WARN_UNUSED_FUNCTION = YES;
				GCC_WARN_UNUSED_VARIABLE = YES;
				MTL_ENABLE_DEBUG_INFO = NO;
				MTL_FAST_MATH = YES;
				SWIFT_COMPILATION_MODE = wholemodule;
				SWIFT_OPTIMIZATION_LEVEL = "-O";
			};
			name = Release;
		};
		72A70D31261FFFD800F6E92B /* Debug */ = {
			isa = XCBuildConfiguration;
			buildSettings = {
				ASSETCATALOG_COMPILER_APPICON_NAME = AppIcon;
				ASSETCATALOG_COMPILER_GLOBAL_ACCENT_COLOR_NAME = AccentColor;
				CODE_SIGN_STYLE = Automatic;
				DEVELOPMENT_TEAM = Q257J2AF5U;
				ENABLE_PREVIEWS = YES;
				INFOPLIST_FILE = iOS/Info.plist;
				IPHONEOS_DEPLOYMENT_TARGET = 14.0;
				LD_RUNPATH_SEARCH_PATHS = (
					"$(inherited)",
					"@executable_path/Frameworks",
				);
				PRODUCT_BUNDLE_IDENTIFIER = mikie.portfolio.WeSplit;
				PRODUCT_NAME = WeSplit;
				SDKROOT = iphoneos;
				SWIFT_VERSION = 5.0;
				TARGETED_DEVICE_FAMILY = "1,2";
			};
			name = Debug;
		};
		72A70D32261FFFD800F6E92B /* Release */ = {
			isa = XCBuildConfiguration;
			buildSettings = {
				ASSETCATALOG_COMPILER_APPICON_NAME = AppIcon;
				ASSETCATALOG_COMPILER_GLOBAL_ACCENT_COLOR_NAME = AccentColor;
				CODE_SIGN_STYLE = Automatic;
				DEVELOPMENT_TEAM = Q257J2AF5U;
				ENABLE_PREVIEWS = YES;
				INFOPLIST_FILE = iOS/Info.plist;
				IPHONEOS_DEPLOYMENT_TARGET = 14.0;
				LD_RUNPATH_SEARCH_PATHS = (
					"$(inherited)",
					"@executable_path/Frameworks",
				);
				PRODUCT_BUNDLE_IDENTIFIER = mikie.portfolio.WeSplit;
				PRODUCT_NAME = WeSplit;
				SDKROOT = iphoneos;
				SWIFT_VERSION = 5.0;
				TARGETED_DEVICE_FAMILY = "1,2";
				VALIDATE_PRODUCT = YES;
			};
			name = Release;
		};
		72A70D34261FFFD800F6E92B /* Debug */ = {
			isa = XCBuildConfiguration;
			buildSettings = {
				ASSETCATALOG_COMPILER_APPICON_NAME = AppIcon;
				ASSETCATALOG_COMPILER_GLOBAL_ACCENT_COLOR_NAME = AccentColor;
				CODE_SIGN_ENTITLEMENTS = macOS/macOS.entitlements;
				CODE_SIGN_STYLE = Automatic;
				COMBINE_HIDPI_IMAGES = YES;
				DEVELOPMENT_TEAM = Q257J2AF5U;
				ENABLE_HARDENED_RUNTIME = YES;
				ENABLE_PREVIEWS = YES;
				INFOPLIST_FILE = macOS/Info.plist;
				LD_RUNPATH_SEARCH_PATHS = (
					"$(inherited)",
					"@executable_path/../Frameworks",
				);
				MACOSX_DEPLOYMENT_TARGET = 11.0;
				PRODUCT_BUNDLE_IDENTIFIER = mikie.portfolio.WeSplit;
				PRODUCT_NAME = WeSplit;
				SDKROOT = macosx;
				SWIFT_VERSION = 5.0;
			};
			name = Debug;
		};
		72A70D35261FFFD800F6E92B /* Release */ = {
			isa = XCBuildConfiguration;
			buildSettings = {
				ASSETCATALOG_COMPILER_APPICON_NAME = AppIcon;
				ASSETCATALOG_COMPILER_GLOBAL_ACCENT_COLOR_NAME = AccentColor;
				CODE_SIGN_ENTITLEMENTS = macOS/macOS.entitlements;
				CODE_SIGN_STYLE = Automatic;
				COMBINE_HIDPI_IMAGES = YES;
				DEVELOPMENT_TEAM = Q257J2AF5U;
				ENABLE_HARDENED_RUNTIME = YES;
				ENABLE_PREVIEWS = YES;
				INFOPLIST_FILE = macOS/Info.plist;
				LD_RUNPATH_SEARCH_PATHS = (
					"$(inherited)",
					"@executable_path/../Frameworks",
				);
				MACOSX_DEPLOYMENT_TARGET = 11.0;
				PRODUCT_BUNDLE_IDENTIFIER = mikie.portfolio.WeSplit;
				PRODUCT_NAME = WeSplit;
				SDKROOT = macosx;
				SWIFT_VERSION = 5.0;
			};
			name = Release;
		};
		72A70D37261FFFD800F6E92B /* Debug */ = {
			isa = XCBuildConfiguration;
			buildSettings = {
				ALWAYS_EMBED_SWIFT_STANDARD_LIBRARIES = YES;
				CODE_SIGN_STYLE = Automatic;
				DEVELOPMENT_TEAM = Q257J2AF5U;
				INFOPLIST_FILE = "Tests iOS/Info.plist";
				IPHONEOS_DEPLOYMENT_TARGET = 14.4;
				LD_RUNPATH_SEARCH_PATHS = (
					"$(inherited)",
					"@executable_path/Frameworks",
					"@loader_path/Frameworks",
				);
				PRODUCT_BUNDLE_IDENTIFIER = "mikie.portfolio.Tests-iOS";
				PRODUCT_NAME = "$(TARGET_NAME)";
				SDKROOT = iphoneos;
				SWIFT_VERSION = 5.0;
				TARGETED_DEVICE_FAMILY = "1,2";
				TEST_TARGET_NAME = "WeSplit (iOS)";
			};
			name = Debug;
		};
		72A70D38261FFFD800F6E92B /* Release */ = {
			isa = XCBuildConfiguration;
			buildSettings = {
				ALWAYS_EMBED_SWIFT_STANDARD_LIBRARIES = YES;
				CODE_SIGN_STYLE = Automatic;
				DEVELOPMENT_TEAM = Q257J2AF5U;
				INFOPLIST_FILE = "Tests iOS/Info.plist";
				IPHONEOS_DEPLOYMENT_TARGET = 14.4;
				LD_RUNPATH_SEARCH_PATHS = (
					"$(inherited)",
					"@executable_path/Frameworks",
					"@loader_path/Frameworks",
				);
				PRODUCT_BUNDLE_IDENTIFIER = "mikie.portfolio.Tests-iOS";
				PRODUCT_NAME = "$(TARGET_NAME)";
				SDKROOT = iphoneos;
				SWIFT_VERSION = 5.0;
				TARGETED_DEVICE_FAMILY = "1,2";
				TEST_TARGET_NAME = "WeSplit (iOS)";
				VALIDATE_PRODUCT = YES;
			};
			name = Release;
		};
		72A70D3A261FFFD800F6E92B /* Debug */ = {
			isa = XCBuildConfiguration;
			buildSettings = {
				ALWAYS_EMBED_SWIFT_STANDARD_LIBRARIES = YES;
				CODE_SIGN_STYLE = Automatic;
				COMBINE_HIDPI_IMAGES = YES;
				DEVELOPMENT_TEAM = Q257J2AF5U;
				INFOPLIST_FILE = "Tests macOS/Info.plist";
				LD_RUNPATH_SEARCH_PATHS = (
					"$(inherited)",
					"@executable_path/../Frameworks",
					"@loader_path/../Frameworks",
				);
				MACOSX_DEPLOYMENT_TARGET = 11.1;
				PRODUCT_BUNDLE_IDENTIFIER = "mikie.portfolio.Tests-macOS";
				PRODUCT_NAME = "$(TARGET_NAME)";
				SDKROOT = macosx;
				SWIFT_VERSION = 5.0;
				TEST_TARGET_NAME = "WeSplit (macOS)";
			};
			name = Debug;
		};
		72A70D3B261FFFD800F6E92B /* Release */ = {
			isa = XCBuildConfiguration;
			buildSettings = {
				ALWAYS_EMBED_SWIFT_STANDARD_LIBRARIES = YES;
				CODE_SIGN_STYLE = Automatic;
				COMBINE_HIDPI_IMAGES = YES;
				DEVELOPMENT_TEAM = Q257J2AF5U;
				INFOPLIST_FILE = "Tests macOS/Info.plist";
				LD_RUNPATH_SEARCH_PATHS = (
					"$(inherited)",
					"@executable_path/../Frameworks",
					"@loader_path/../Frameworks",
				);
				MACOSX_DEPLOYMENT_TARGET = 11.1;
				PRODUCT_BUNDLE_IDENTIFIER = "mikie.portfolio.Tests-macOS";
				PRODUCT_NAME = "$(TARGET_NAME)";
				SDKROOT = macosx;
				SWIFT_VERSION = 5.0;
				TEST_TARGET_NAME = "WeSplit (macOS)";
			};
			name = Release;
		};
/* End XCBuildConfiguration section */

/* Begin XCConfigurationList section */
		72A70CFD261FFFD700F6E92B /* Build configuration list for PBXProject "WeSplit" */ = {
			isa = XCConfigurationList;
			buildConfigurations = (
				72A70D2E261FFFD800F6E92B /* Debug */,
				72A70D2F261FFFD800F6E92B /* Release */,
			);
			defaultConfigurationIsVisible = 0;
			defaultConfigurationName = Release;
		};
		72A70D30261FFFD800F6E92B /* Build configuration list for PBXNativeTarget "WeSplit (iOS)" */ = {
			isa = XCConfigurationList;
			buildConfigurations = (
				72A70D31261FFFD800F6E92B /* Debug */,
				72A70D32261FFFD800F6E92B /* Release */,
			);
			defaultConfigurationIsVisible = 0;
			defaultConfigurationName = Release;
		};
		72A70D33261FFFD800F6E92B /* Build configuration list for PBXNativeTarget "WeSplit (macOS)" */ = {
			isa = XCConfigurationList;
			buildConfigurations = (
				72A70D34261FFFD800F6E92B /* Debug */,
				72A70D35261FFFD800F6E92B /* Release */,
			);
			defaultConfigurationIsVisible = 0;
			defaultConfigurationName = Release;
		};
		72A70D36261FFFD800F6E92B /* Build configuration list for PBXNativeTarget "Tests iOS" */ = {
			isa = XCConfigurationList;
			buildConfigurations = (
				72A70D37261FFFD800F6E92B /* Debug */,
				72A70D38261FFFD800F6E92B /* Release */,
			);
			defaultConfigurationIsVisible = 0;
			defaultConfigurationName = Release;
		};
		72A70D39261FFFD800F6E92B /* Build configuration list for PBXNativeTarget "Tests macOS" */ = {
			isa = XCConfigurationList;
			buildConfigurations = (
				72A70D3A261FFFD800F6E92B /* Debug */,
				72A70D3B261FFFD800F6E92B /* Release */,
			);
			defaultConfigurationIsVisible = 0;
			defaultConfigurationName = Release;
		};
/* End XCConfigurationList section */
	};
	rootObject = 72A70CFA261FFFD700F6E92B /* Project object */;
}
